
Microsoft Visual Studio Solution File, Format Version 12.00
# Visual Studio Version 17
VisualStudioVersion = 17.4.33122.133
MinimumVisualStudioVersion = 10.0.40219.1
Project("{FAE04EC0-301F-11D3-BF4B-00C04F79EFBC}") = "ad_sem2_week7_tha_winsform", "ad_sem2_week7_tha_winsform\ad_sem2_week7_tha_winsform.csproj", "{F856B703-3C8D-42E6-A88C-87537E78EF72}"
EndProject
Global
	GlobalSection(SolutionConfigurationPlatforms) = preSolution
		Debug|Any CPU = Debug|Any CPU
		Release|Any CPU = Release|Any CPU
	EndGlobalSection
	GlobalSection(ProjectConfigurationPlatforms) = postSolution
		{F856B703-3C8D-42E6-A88C-87537E78EF72}.Debug|Any CPU.ActiveCfg = Debug|Any CPU
		{F856B703-3C8D-42E6-A88C-87537E78EF72}.Debug|Any CPU.Build.0 = Debug|Any CPU
		{F856B703-3C8D-42E6-A88C-87537E78EF72}.Release|Any CPU.ActiveCfg = Release|Any CPU
		{F856B703-3C8D-42E6-A88C-87537E78EF72}.Release|Any CPU.Build.0 = Release|Any CPU
	EndGlobalSection
	GlobalSection(SolutionProperties) = preSolution
		HideSolutionNode = FALSE
	EndGlobalSection
	GlobalSection(ExtensibilityGlobals) = postSolution
		SolutionGuid = {6CE2947B-3EDC-469D-A6FC-BDA22EE7239B}
	EndGlobalSection
EndGlobal
